github.com/magefile/mage v1.15.0 h1:BvGheCMAsG3bWUDbZ8AyXXpCNwU9u5CB6sM+HNb9HYg=
github.com/magefile/mage v1.15.0/go.mod h1:z5UZb/iS3GoOSn0JgWuiw7dxlurVYTu+/jHXqQg881A=
github.com/xjslang/xjs v0.0.0-20250918175054-a5da9382c843 h1:P2dHFyMQU9EFzAigHbZFnfRWQa36BmNW0H4UdAoArE8=
github.com/xjslang/xjs v0.0.0-20250918175054-a5da9382c843/go.mod h1:sCMCA7n2l9RRLOtvbPBlzMIQade2Zxq6vSqIFwcY6/8=
github.com/xjslang/xjs v0.0.0-20250919110254-754e9d50581c h1:6DWto3w8EANGW5VxdQwfuNzNR/kTX8iQkDe1Ct2Co2M=
github.com/xjslang/xjs v0.0.0-20250919110254-754e9d50581c/go.mod h1:sCMCA7n2l9RRLOtvbPBlzMIQade2Zxq6vSqIFwcY6/8=
